
Microsoft Visual Studio Solution File, Format Version 12.00
# Visual Studio Version 17
VisualStudioVersion = 17.5.33627.172
MinimumVisualStudioVersion = 10.0.40219.1
Project("{FAE04EC0-301F-11D3-BF4B-00C04F79EFBC}") = "appVectores", "appVectores\appVectores.csproj", "{9EC2AD54-ECB1-4C0A-B9EA-664825166183}"
EndProject
Global
	GlobalSection(SolutionConfigurationPlatforms) = preSolution
		Debug|Any CPU = Debug|Any CPU
		Release|Any CPU = Release|Any CPU
	EndGlobalSection
	GlobalSection(ProjectConfigurationPlatforms) = postSolution
		{9EC2AD54-ECB1-4C0A-B9EA-664825166183}.Debug|Any CPU.ActiveCfg = Debug|Any CPU
		{9EC2AD54-ECB1-4C0A-B9EA-664825166183}.Debug|Any CPU.Build.0 = Debug|Any CPU
		{9EC2AD54-ECB1-4C0A-B9EA-664825166183}.Release|Any CPU.ActiveCfg = Release|Any CPU
		{9EC2AD54-ECB1-4C0A-B9EA-664825166183}.Release|Any CPU.Build.0 = Release|Any CPU
	EndGlobalSection
	GlobalSection(SolutionProperties) = preSolution
		HideSolutionNode = FALSE
	EndGlobalSection
	GlobalSection(ExtensibilityGlobals) = postSolution
		SolutionGuid = {B1D6AE59-5DB4-4444-9853-9A4D3312CBD2}
	EndGlobalSection
EndGlobal
